// !$*UTF8*$!
{
	archiveVersion = 1;
	classes = {
	};
	objectVersion = 56;
	objects = {

/* Begin PBXBuildFile section */
		600E4380D874C75322F445BD /* Pods_Assignment_10.framework in Frameworks */ = {isa = PBXBuildFile; fileRef = B30C91CBBB3EFF4B537A5FA9 /* Pods_Assignment_10.framework */; };
		6370AF50297D0B0C009DC614 /* AppDelegate.swift in Sources */ = {isa = PBXBuildFile; fileRef = 6370AF4F297D0B0C009DC614 /* AppDelegate.swift */; };
		6370AF52297D0B0C009DC614 /* SceneDelegate.swift in Sources */ = {isa = PBXBuildFile; fileRef = 6370AF51297D0B0C009DC614 /* SceneDelegate.swift */; };
		6370AF54297D0B0C009DC614 /* ViewController.swift in Sources */ = {isa = PBXBuildFile; fileRef = 6370AF53297D0B0C009DC614 /* ViewController.swift */; };
		6370AF59297D0B10009DC614 /* Assets.xcassets in Resources */ = {isa = PBXBuildFile; fileRef = 6370AF58297D0B10009DC614 /* Assets.xcassets */; };
		6370AF5C297D0B10009DC614 /* LaunchScreen.storyboard in Resources */ = {isa = PBXBuildFile; fileRef = 6370AF5A297D0B10009DC614 /* LaunchScreen.storyboard */; };
		6370AF65297D12AA009DC614 /* myCollectionViewCell.swift in Sources */ = {isa = PBXBuildFile; fileRef = 6370AF64297D12AA009DC614 /* myCollectionViewCell.swift */; };
		6370AF67297D1868009DC614 /* SecondCollectionViewCell.swift in Sources */ = {isa = PBXBuildFile; fileRef = 6370AF66297D1868009DC614 /* SecondCollectionViewCell.swift */; };
/* End PBXBuildFile section */

/* Begin PBXFileReference section */
		5C58715C63FEF951B2151CB7 /* Pods-Assignment_10.debug.xcconfig */ = {isa = PBXFileReference; includeInIndex = 1; lastKnownFileType = text.xcconfig; name = "Pods-Assignment_10.debug.xcconfig"; path = "Target Support Files/Pods-Assignment_10/Pods-Assignment_10.debug.xcconfig"; sourceTree = "<group>"; };
		6370AF4C297D0B0C009DC614 /* Assignment_10.app */ = {isa = PBXFileReference; explicitFileType = wrapper.application; includeInIndex = 0; path = Assignment_10.app; sourceTree = BUILT_PRODUCTS_DIR; };
		6370AF4F297D0B0C009DC614 /* AppDelegate.swift */ = {isa = PBXFileReference; lastKnownFileType = sourcecode.swift; path = AppDelegate.swift; sourceTree = "<group>"; };
		6370AF51297D0B0C009DC614 /* SceneDelegate.swift */ = {isa = PBXFileReference; lastKnownFileType = sourcecode.swift; path = SceneDelegate.swift; sourceTree = "<group>"; };
		6370AF53297D0B0C009DC614 /* ViewController.swift */ = {isa = PBXFileReference; lastKnownFileType = sourcecode.swift; path = ViewController.swift; sourceTree = "<group>"; };
		6370AF58297D0B10009DC614 /* Assets.xcassets */ = {isa = PBXFileReference; lastKnownFileType = folder.assetcatalog; path = Assets.xcassets; sourceTree = "<group>"; };
		6370AF5B297D0B10009DC614 /* Base */ = {isa = PBXFileReference; lastKnownFileType = file.storyboard; name = Base; path = Base.lproj/LaunchScreen.storyboard; sourceTree = "<group>"; };
		6370AF5D297D0B10009DC614 /* Info.plist */ = {isa = PBXFileReference; lastKnownFileType = text.plist.xml; path = Info.plist; sourceTree = "<group>"; };
		6370AF64297D12AA009DC614 /* myCollectionViewCell.swift */ = {isa = PBXFileReference; lastKnownFileType = sourcecode.swift; path = myCollectionViewCell.swift; sourceTree = "<group>"; };
		6370AF66297D1868009DC614 /* SecondCollectionViewCell.swift */ = {isa = PBXFileReference; lastKnownFileType = sourcecode.swift; path = SecondCollectionViewCell.swift; sourceTree = "<group>"; };
		AE06B49AC5B3D08E3346EBA4 /* Pods-Assignment_10.release.xcconfig */ = {isa = PBXFileReference; includeInIndex = 1; lastKnownFileType = text.xcconfig; name = "Pods-Assignment_10.release.xcconfig"; path = "Target Support Files/Pods-Assignment_10/Pods-Assignment_10.release.xcconfig"; sourceTree = "<group>"; };
		B30C91CBBB3EFF4B537A5FA9 /* Pods_Assignment_10.framework */ = {isa = PBXFileReference; explicitFileType = wrapper.framework; includeInIndex = 0; path = Pods_Assignment_10.framework; sourceTree = BUILT_PRODUCTS_DIR; };
/* End PBXFileReference section */

/* Begin PBXFrameworksBuildPhase section */
		6370AF49297D0B0C009DC614 /* Frameworks */ = {
			isa = PBXFrameworksBuildPhase;
			buildActionMask = 2147483647;
			files = (
				600E4380D874C75322F445BD /* Pods_Assignment_10.framework in Frameworks */,
			);
			runOnlyForDeploymentPostprocessing = 0;
		};
/* End PBXFrameworksBuildPhase section */

/* Begin PBXGroup section */
		53FB47BA491118CE5189109B /* Pods */ = {
			isa = PBXGroup;
			children = (
				5C58715C63FEF951B2151CB7 /* Pods-Assignment_10.debug.xcconfig */,
				AE06B49AC5B3D08E3346EBA4 /* Pods-Assignment_10.release.xcconfig */,
			);
			path = Pods;
			sourceTree = "<group>";
		};
		6370AF43297D0B0C009DC614 = {
			isa = PBXGroup;
			children = (
				6370AF4E297D0B0C009DC614 /* Assignment_10 */,
				6370AF4D297D0B0C009DC614 /* Products */,
				53FB47BA491118CE5189109B /* Pods */,
				C7D2DD05853110EDC0E9934D /* Frameworks */,
			);
			sourceTree = "<group>";
		};
		6370AF4D297D0B0C009DC614 /* Products */ = {
			isa = PBXGroup;
			children = (
				6370AF4C297D0B0C009DC614 /* Assignment_10.app */,
			);
			name = Products;
			sourceTree = "<group>";
		};
		6370AF4E297D0B0C009DC614 /* Assignment_10 */ = {
			isa = PBXGroup;
			children = (
				6370AF63297D1260009DC614 /* Views */,
				6370AF4F297D0B0C009DC614 /* AppDelegate.swift */,
				6370AF51297D0B0C009DC614 /* SceneDelegate.swift */,
				6370AF53297D0B0C009DC614 /* ViewController.swift */,
				6370AF58297D0B10009DC614 /* Assets.xcassets */,
				6370AF5A297D0B10009DC614 /* LaunchScreen.storyboard */,
				6370AF5D297D0B10009DC614 /* Info.plist */,
			);
			path = Assignment_10;
			sourceTree = "<group>";
		};
		6370AF63297D1260009DC614 /* Views */ = {
			isa = PBXGroup;
			children = (
				6370AF64297D12AA009DC614 /* myCollectionViewCell.swift */,
				6370AF66297D1868009DC614 /* SecondCollectionViewCell.swift */,
			);
			path = Views;
			sourceTree = "<group>";
		};
		C7D2DD05853110EDC0E9934D /* Frameworks */ = {
			isa = PBXGroup;
			children = (
				B30C91CBBB3EFF4B537A5FA9 /* Pods_Assignment_10.framework */,
			);
			name = Frameworks;
			sourceTree = "<group>";
		};
/* End PBXGroup section */

/* Begin PBXNativeTarget section */
		6370AF4B297D0B0C009DC614 /* Assignment_10 */ = {
			isa = PBXNativeTarget;
			buildConfigurationList = 6370AF60297D0B10009DC614 /* Build configuration list for PBXNativeTarget "Assignment_10" */;
			buildPhases = (
				2343701EE4D7371B8506EE98 /* [CP] Check Pods Manifest.lock */,
				6370AF48297D0B0C009DC614 /* Sources */,
				6370AF49297D0B0C009DC614 /* Frameworks */,
				6370AF4A297D0B0C009DC614 /* Resources */,
				9032415F32994CB1E10CDF5E /* [CP] Embed Pods Frameworks */,
			);
			buildRules = (
			);
			dependencies = (
			);
			name = Assignment_10;
			productName = Assignment_10;
			productReference = 6370AF4C297D0B0C009DC614 /* Assignment_10.app */;
			productType = "com.apple.product-type.application";
		};
/* End PBXNativeTarget section */

/* Begin PBXProject section */
		6370AF44297D0B0C009DC614 /* Project object */ = {
			isa = PBXProject;
			attributes = {
				BuildIndependentTargetsInParallel = 1;
				LastSwiftUpdateCheck = 1410;
				LastUpgradeCheck = 1410;
				TargetAttributes = {
					6370AF4B297D0B0C009DC614 = {
						CreatedOnToolsVersion = 14.1;
					};
				};
			};
			buildConfigurationList = 6370AF47297D0B0C009DC614 /* Build configuration list for PBXProject "Assignment_10" */;
			compatibilityVersion = "Xcode 14.0";
			developmentRegion = en;
			hasScannedForEncodings = 0;
			knownRegions = (
				en,
				Base,
			);
			mainGroup = 6370AF43297D0B0C009DC614;
			productRefGroup = 6370AF4D297D0B0C009DC614 /* Products */;
			projectDirPath = "";
			projectRoot = "";
			targets = (
				6370AF4B297D0B0C009DC614 /* Assignment_10 */,
			);
		};
/* End PBXProject section */

/* Begin PBXResourcesBuildPhase section */
		6370AF4A297D0B0C009DC614 /* Resources */ = {
			isa = PBXResourcesBuildPhase;
			buildActionMask = 2147483647;
			files = (
				6370AF5C297D0B10009DC614 /* LaunchScreen.storyboard in Resources */,
				6370AF59297D0B10009DC614 /* Assets.xcassets in Resources */,
			);
			runOnlyForDeploymentPostprocessing = 0;
		};
/* End PBXResourcesBuildPhase section */

/* Begin PBXShellScriptBuildPhase section */
		2343701EE4D7371B8506EE98 /* [CP] Check Pods Manifest.lock */ = {
			isa = PBXShellScriptBuildPhase;
			buildActionMask = 2147483647;
			files = (
			);
			inputFileListPaths = (
			);
			inputPaths = (
				"${PODS_PODFILE_DIR_PATH}/Podfile.lock",
				"${PODS_ROOT}/Manifest.lock",
			);
			name = "[CP] Check Pods Manifest.lock";
			outputFileListPaths = (
			);
			outputPaths = (
				"$(DERIVED_FILE_DIR)/Pods-Assignment_10-checkManifestLockResult.txt",
			);
			runOnlyForDeploymentPostprocessing = 0;
			shellPath = /bin/sh;
			shellScript = "diff \"${PODS_PODFILE_DIR_PATH}/Podfile.lock\" \"${PODS_ROOT}/Manifest.lock\" > /dev/null\nif [ $? != 0 ] ; then\n    # print error to STDERR\n    echo \"error: The sandbox is not in sync with the Podfile.lock. Run 'pod install' or update your CocoaPods installation.\" >&2\n    exit 1\nfi\n# This output is used by Xcode 'outputs' to avoid re-running this script phase.\necho \"SUCCESS\" > \"${SCRIPT_OUTPUT_FILE_0}\"\n";
			showEnvVarsInLog = 0;
		};
		9032415F32994CB1E10CDF5E /* [CP] Embed Pods Frameworks */ = {
			isa = PBXShellScriptBuildPhase;
			buildActionMask = 2147483647;
			files = (
			);
			inputFileListPaths = (
				"${PODS_ROOT}/Target Support Files/Pods-Assignment_10/Pods-Assignment_10-frameworks-${CONFIGURATION}-input-files.xcfilelist",
			);
			name = "[CP] Embed Pods Frameworks";
			outputFileListPaths = (
				"${PODS_ROOT}/Target Support Files/Pods-Assignment_10/Pods-Assignment_10-frameworks-${CONFIGURATION}-output-files.xcfilelist",
			);
			runOnlyForDeploymentPostprocessing = 0;
			shellPath = /bin/sh;
			shellScript = "\"${PODS_ROOT}/Target Support Files/Pods-Assignment_10/Pods-Assignment_10-frameworks.sh\"\n";
			showEnvVarsInLog = 0;
		};
/* End PBXShellScriptBuildPhase section */

/* Begin PBXSourcesBuildPhase section */
		6370AF48297D0B0C009DC614 /* Sources */ = {
			isa = PBXSourcesBuildPhase;
			buildActionMask = 2147483647;
			files = (
				6370AF54297D0B0C009DC614 /* ViewController.swift in Sources */,
				6370AF50297D0B0C009DC614 /* AppDelegate.swift in Sources */,
				6370AF67297D1868009DC614 /* SecondCollectionViewCell.swift in Sources */,
				6370AF65297D12AA009DC614 /* myCollectionViewCell.swift in Sources */,
				6370AF52297D0B0C009DC614 /* SceneDelegate.swift in Sources */,
			);
			runOnlyForDeploymentPostprocessing = 0;
		};
/* End PBXSourcesBuildPhase section */

/* Begin PBXVariantGroup section */
		6370AF5A297D0B10009DC614 /* LaunchScreen.storyboard */ = {
			isa = PBXVariantGroup;
			children = (
				6370AF5B297D0B10009DC614 /* Base */,
			);
			name = LaunchScreen.storyboard;
			sourceTree = "<group>";
		};
/* End PBXVariantGroup section */

/* Begin XCBuildConfiguration section */
		6370AF5E297D0B10009DC614 /* Debug */ = {
			isa = XCBuildConfiguration;
			buildSettings = {
				ALWAYS_SEARCH_USER_PATHS = NO;
				CLANG_ANALYZER_NONNULL = YES;
				CLANG_ANALYZER_NUMBER_OBJECT_CONVERSION = YES_AGGRESSIVE;
				CLANG_CXX_LANGUAGE_STANDARD = "gnu++20";
				CLANG_ENABLE_MODULES = YES;
				CLANG_ENABLE_OBJC_ARC = YES;
				CLANG_ENABLE_OBJC_WEAK = YES;
				CLANG_WARN_BLOCK_CAPTURE_AUTORELEASING = YES;
				CLANG_WARN_BOOL_CONVERSION = YES;
				CLANG_WARN_COMMA = YES;
				CLANG_WARN_CONSTANT_CONVERSION = YES;
				CLANG_WARN_DEPRECATED_OBJC_IMPLEMENTATIONS = YES;
				CLANG_WARN_DIRECT_OBJC_ISA_USAGE = YES_ERROR;
				CLANG_WARN_DOCUMENTATION_COMMENTS = YES;
				CLANG_WARN_EMPTY_BODY = YES;
				CLANG_WARN_ENUM_CONVERSION = YES;
				CLANG_WARN_INFINITE_RECURSION = YES;
				CLANG_WARN_INT_CONVERSION = YES;
				CLANG_WARN_NON_LITERAL_NULL_CONVERSION = YES;
				CLANG_WARN_OBJC_IMPLICIT_RETAIN_SELF = YES;
				CLANG_WARN_OBJC_LITERAL_CONVERSION = YES;
				CLANG_WARN_OBJC_ROOT_CLASS = YES_ERROR;
				CLANG_WARN_QUOTED_INCLUDE_IN_FRAMEWORK_HEADER = YES;
				CLANG_WARN_RANGE_LOOP_ANALYSIS = YES;
				CLANG_WARN_STRICT_PROTOTYPES = YES;
				CLANG_WARN_SUSPICIOUS_MOVE = YES;
				CLANG_WARN_UNGUARDED_AVAILABILITY = YES_AGGRESSIVE;
				CLANG_WARN_UNREACHABLE_CODE = YES;
				CLANG_WARN__DUPLICATE_METHOD_MATCH = YES;
				COPY_PHASE_STRIP = NO;
				DEBUG_INFORMATION_FORMAT = dwarf;
				ENABLE_STRICT_OBJC_MSGSEND = YES;
				ENABLE_TESTABILITY = YES;
				GCC_C_LANGUAGE_STANDARD = gnu11;
				GCC_DYNAMIC_NO_PIC = NO;
				GCC_NO_COMMON_BLOCKS = YES;
				GCC_OPTIMIZATION_LEVEL = 0;
				GCC_PREPROCESSOR_DEFINITIONS = (
					"DEBUG=1",
					"$(inherited)",
				);
				GCC_WARN_64_TO_32_BIT_CONVERSION = YES;
				GCC_WARN_ABOUT_RETURN_TYPE = YES_ERROR;
				GCC_WARN_UNDECLARED_SELECTOR = YES;
				GCC_WARN_UNINITIALIZED_AUTOS = YES_AGGRESSIVE;
				GCC_WARN_UNUSED_FUNCTION = YES;
				GCC_WARN_UNUSED_VARIABLE = YES;
				IPHONEOS_DEPLOYMENT_TARGET = 16.1;
				MTL_ENABLE_DEBUG_INFO = INCLUDE_SOURCE;
				MTL_FAST_MATH = YES;
				ONLY_ACTIVE_ARCH = YES;
				SDKROOT = iphoneos;
				SWIFT_ACTIVE_COMPILATION_CONDITIONS = DEBUG;
				SWIFT_OPTIMIZATION_LEVEL = "-Onone";
			};
			name = Debug;
		};
		6370AF5F297D0B10009DC614 /* Release */ = {
			isa = XCBuildConfiguration;
			buildSettings = {
				ALWAYS_SEARCH_USER_PATHS = NO;
				CLANG_ANALYZER_NONNULL = YES;
				CLANG_ANALYZER_NUMBER_OBJECT_CONVERSION = YES_AGGRESSIVE;
				CLANG_CXX_LANGUAGE_STANDARD = "gnu++20";
				CLANG_ENABLE_MODULES = YES;
				CLANG_ENABLE_OBJC_ARC = YES;
				CLANG_ENABLE_OBJC_WEAK = YES;
				CLANG_WARN_BLOCK_CAPTURE_AUTORELEASING = YES;
				CLANG_WARN_BOOL_CONVERSION = YES;
				CLANG_WARN_COMMA = YES;
				CLANG_WARN_CONSTANT_CONVERSION = YES;
				CLANG_WARN_DEPRECATED_OBJC_IMPLEMENTATIONS = YES;
				CLANG_WARN_DIRECT_OBJC_ISA_USAGE = YES_ERROR;
				CLANG_WARN_DOCUMENTATION_COMMENTS = YES;
				CLANG_WARN_EMPTY_BODY = YES;
				CLANG_WARN_ENUM_CONVERSION = YES;
				CLANG_WARN_INFINITE_RECURSION = YES;
				CLANG_WARN_INT_CONVERSION = YES;
				CLANG_WARN_NON_LITERAL_NULL_CONVERSION = YES;
				CLANG_WARN_OBJC_IMPLICIT_RETAIN_SELF = YES;
				CLANG_WARN_OBJC_LITERAL_CONVERSION = YES;
				CLANG_WARN_OBJC_ROOT_CLASS = YES_ERROR;
				CLANG_WARN_QUOTED_INCLUDE_IN_FRAMEWORK_HEADER = YES;
				CLANG_WARN_RANGE_LOOP_ANALYSIS = YES;
				CLANG_WARN_STRICT_PROTOTYPES = YES;
				CLANG_WARN_SUSPICIOUS_MOVE = YES;
				CLANG_WARN_UNGUARDED_AVAILABILITY = YES_AGGRESSIVE;
				CLANG_WARN_UNREACHABLE_CODE = YES;
				CLANG_WARN__DUPLICATE_METHOD_MATCH = YES;
				COPY_PHASE_STRIP = NO;
				DEBUG_INFORMATION_FORMAT = "dwarf-with-dsym";
				ENABLE_NS_ASSERTIONS = NO;
				ENABLE_STRICT_OBJC_MSGSEND = YES;
				GCC_C_LANGUAGE_STANDARD = gnu11;
				GCC_NO_COMMON_BLOCKS = YES;
				GCC_WARN_64_TO_32_BIT_CONVERSION = YES;
				GCC_WARN_ABOUT_RETURN_TYPE = YES_ERROR;
				GCC_WARN_UNDECLARED_SELECTOR = YES;
				GCC_WARN_UNINITIALIZED_AUTOS = YES_AGGRESSIVE;
				GCC_WARN_UNUSED_FUNCTION = YES;
				GCC_WARN_UNUSED_VARIABLE = YES;
				IPHONEOS_DEPLOYMENT_TARGET = 16.1;
				MTL_ENABLE_DEBUG_INFO = NO;
				MTL_FAST_MATH = YES;
				SDKROOT = iphoneos;
				SWIFT_COMPILATION_MODE = wholemodule;
				SWIFT_OPTIMIZATION_LEVEL = "-O";
				VALIDATE_PRODUCT = YES;
			};
			name = Release;
		};
		6370AF61297D0B10009DC614 /* Debug */ = {
			isa = XCBuildConfiguration;
			baseConfigurationReference = 5C58715C63FEF951B2151CB7 /* Pods-Assignment_10.debug.xcconfig */;
			buildSettings = {
				ASSETCATALOG_COMPILER_APPICON_NAME = AppIcon;
				ASSETCATALOG_COMPILER_GLOBAL_ACCENT_COLOR_NAME = AccentColor;
				CODE_SIGN_STYLE = Automatic;
				CURRENT_PROJECT_VERSION = 1;
				GENERATE_INFOPLIST_FILE = YES;
				INFOPLIST_FILE = Assignment_10/Info.plist;
				INFOPLIST_KEY_UIApplicationSupportsIndirectInputEvents = YES;
				INFOPLIST_KEY_UILaunchStoryboardName = LaunchScreen;
				INFOPLIST_KEY_UISupportedInterfaceOrientations_iPad = "UIInterfaceOrientationPortrait UIInterfaceOrientationPortraitUpsideDown UIInterfaceOrientationLandscapeLeft UIInterfaceOrientationLandscapeRight";
				INFOPLIST_KEY_UISupportedInterfaceOrientations_iPhone = "UIInterfaceOrientationPortrait UIInterfaceOrientationLandscapeLeft UIInterfaceOrientationLandscapeRight";
				LD_RUNPATH_SEARCH_PATHS = (
					"$(inherited)",
					"@executable_path/Frameworks",
				);
				MARKETING_VERSION = 1.0;
				PRODUCT_BUNDLE_IDENTIFIER = "sdu.edu.160104029.Assignment-10";
				PRODUCT_NAME = "$(TARGET_NAME)";
				SWIFT_EMIT_LOC_STRINGS = YES;
				SWIFT_VERSION = 5.0;
				TARGETED_DEVICE_FAMILY = "1,2";
			};
			name = Debug;
		};
		6370AF62297D0B10009DC614 /* Release */ = {
			isa = XCBuildConfiguration;
			baseConfigurationReference = AE06B49AC5B3D08E3346EBA4 /* Pods-Assignment_10.release.xcconfig */;
			buildSettings = {
				ASSETCATALOG_COMPILER_APPICON_NAME = AppIcon;
				ASSETCATALOG_COMPILER_GLOBAL_ACCENT_COLOR_NAME = AccentColor;
				CODE_SIGN_STYLE = Automatic;
				CURRENT_PROJECT_VERSION = 1;
				GENERATE_INFOPLIST_FILE = YES;
				INFOPLIST_FILE = Assignment_10/Info.plist;
				INFOPLIST_KEY_UIApplicationSupportsIndirectInputEvents = YES;
				INFOPLIST_KEY_UILaunchStoryboardName = LaunchScreen;
				INFOPLIST_KEY_UISupportedInterfaceOrientations_iPad = "UIInterfaceOrientationPortrait UIInterfaceOrientationPortraitUpsideDown UIInterfaceOrientationLandscapeLeft UIInterfaceOrientationLandscapeRight";
				INFOPLIST_KEY_UISupportedInterfaceOrientations_iPhone = "UIInterfaceOrientationPortrait UIInterfaceOrientationLandscapeLeft UIInterfaceOrientationLandscapeRight";
				LD_RUNPATH_SEARCH_PATHS = (
					"$(inherited)",
					"@executable_path/Frameworks",
				);
				MARKETING_VERSION = 1.0;
				PRODUCT_BUNDLE_IDENTIFIER = "sdu.edu.160104029.Assignment-10";
				PRODUCT_NAME = "$(TARGET_NAME)";
				SWIFT_EMIT_LOC_STRINGS = YES;
				SWIFT_VERSION = 5.0;
				TARGETED_DEVICE_FAMILY = "1,2";
			};
			name = Release;
		};
/* End XCBuildConfiguration section */

/* Begin XCConfigurationList section */
		6370AF47297D0B0C009DC614 /* Build configuration list for PBXProject "Assignment_10" */ = {
			isa = XCConfigurationList;
			buildConfigurations = (
				6370AF5E297D0B10009DC614 /* Debug */,
				6370AF5F297D0B10009DC614 /* Release */,
			);
			defaultConfigurationIsVisible = 0;
			defaultConfigurationName = Release;
		};
		6370AF60297D0B10009DC614 /* Build configuration list for PBXNativeTarget "Assignment_10" */ = {
			isa = XCConfigurationList;
			buildConfigurations = (
				6370AF61297D0B10009DC614 /* Debug */,
				6370AF62297D0B10009DC614 /* Release */,
			);
			defaultConfigurationIsVisible = 0;
			defaultConfigurationName = Release;
		};
/* End XCConfigurationList section */
	};
	rootObject = 6370AF44297D0B0C009DC614 /* Project object */;
}
